
Microsoft Visual Studio Solution File, Format Version 12.00
# Visual Studio 15
VisualStudioVersion = 15.0.28010.2050
MinimumVisualStudioVersion = 10.0.40219.1
Project("{FAE04EC0-301F-11D3-BF4B-00C04F79EFBC}") = "Entity Framework Capstone", "Entity Framework Capstone\Entity Framework Capstone.csproj", "{D7AA2E50-F381-4A9E-A0B5-4E72CDBDEA01}"
EndProject
Global
	GlobalSection(SolutionConfigurationPlatforms) = preSolution
		Debug|Any CPU = Debug|Any CPU
		Release|Any CPU = Release|Any CPU
	EndGlobalSection
	GlobalSection(ProjectConfigurationPlatforms) = postSolution
		{D7AA2E50-F381-4A9E-A0B5-4E72CDBDEA01}.Debug|Any CPU.ActiveCfg = Debug|Any CPU
		{D7AA2E50-F381-4A9E-A0B5-4E72CDBDEA01}.Debug|Any CPU.Build.0 = Debug|Any CPU
		{D7AA2E50-F381-4A9E-A0B5-4E72CDBDEA01}.Release|Any CPU.ActiveCfg = Release|Any CPU
		{D7AA2E50-F381-4A9E-A0B5-4E72CDBDEA01}.Release|Any CPU.Build.0 = Release|Any CPU
	EndGlobalSection
	GlobalSection(SolutionProperties) = preSolution
		HideSolutionNode = FALSE
	EndGlobalSection
	GlobalSection(ExtensibilityGlobals) = postSolution
		SolutionGuid = {F9B0D6A5-5D41-48FC-88C4-EC7BE3B4F9A6}
	EndGlobalSection
EndGlobal
